<?xml version="1.0" encoding="utf-8"?>
<Project ToolsVersion="4.0" xmlns="http://schemas.microsoft.com/developer/msbuild/2003">
  <ItemGroup>
    <Filter Include="소스 파일">
      <UniqueIdentifier>{4FC737F1-C7A5-4376-A066-2A32D752A2FF}</UniqueIdentifier>
      <Extensions>cpp;c;cc;cxx;c++;def;odl;idl;hpj;bat;asm;asmx</Extensions>
    </Filter>
    <Filter Include="헤더 파일">
      <UniqueIdentifier>{93995380-89BD-4b04-88EB-625FBE52EBFB}</UniqueIdentifier>
      <Extensions>h;hh;hpp;hxx;h++;hm;inl;inc;ipp;xsd</Extensions>
    </Filter>
    <Filter Include="리소스 파일">
      <UniqueIdentifier>{67DA6AB6-F800-4c08-8B7A-83BB121AAD01}</UniqueIdentifier>
      <Extensions>rc;ico;cur;bmp;dlg;rc2;rct;bin;rgs;gif;jpg;jpeg;jpe;resx;tiff;tif;png;wav;mfcribbon-ms</Extensions>
    </Filter>
  </ItemGroup>
  <ItemGroup>
    <ClCompile Include="Sources\BruteForce\Solutions\Programmers\소수 찾기.cpp">
      <Filter>소스 파일</Filter>
    </ClCompile>
    <ClCompile Include="Sources\Sort\1-Sort.cpp">
      <Filter>소스 파일</Filter>
    </ClCompile>
    <ClCompile Include="Sources\Sort\2-SortString.cpp">
      <Filter>소스 파일</Filter>
    </ClCompile>
    <ClCompile Include="Sources\Sort\3-SortStruct.cpp">
      <Filter>소스 파일</Filter>
    </ClCompile>
    <ClCompile Include="Sources\Sort\4-SortCompareValid1.cpp">
      <Filter>소스 파일</Filter>
    </ClCompile>
    <ClCompile Include="Sources\Student Playgrounds\hanbin8269\Playground.cpp">
      <Filter>소스 파일</Filter>
    </ClCompile>
    <ClCompile Include="Sources\Playground.cpp">
      <Filter>소스 파일</Filter>
    </ClCompile>
  </ItemGroup>
  <ItemGroup>
    <ClInclude Include="Sources\Library\Algorithm.h">
      <Filter>헤더 파일</Filter>
    </ClInclude>
    <ClInclude Include="Sources\Library\Utility.h">
      <Filter>헤더 파일</Filter>
    </ClInclude>
    <ClInclude Include="Sources\Library\STL.h">
      <Filter>헤더 파일</Filter>
    </ClInclude>
    <ClInclude Include="Sources\Library\Print.h">
      <Filter>헤더 파일</Filter>
    </ClInclude>
    <ClInclude Include="Sources\Library\Headers.h">
      <Filter>헤더 파일</Filter>
    </ClInclude>
    <ClInclude Include="Sources\Library\Data.h">
      <Filter>헤더 파일</Filter>
    </ClInclude>
  </ItemGroup>
</Project>